<Solution>
  <Project Path="Assembly-CSharp.csproj" />
  <Project Path="AD_FimpAnimating.Editor.csproj" />
  <Project Path="VRCore.Runtime.csproj" />
  <Project Path="AD_FimpShared.csproj" />
  <Project Path="Assembly-CSharp-Editor.csproj" />
  <Project Path="StylizedTextureBaker.Editor.csproj" />
  <Project Path="AD_FimpAnimating.csproj" />
  <Project Path="AD_FimpoPropertyDraw.csproj" />
  <Project Path="PrefabGallery.Editor.csproj" />
  <Project Path="VRCore.Editor.csproj" />
  <Project Path="AD_FimpSharedTools.Editor.csproj" />
  <Project Path="AD_FimpSharedTools.csproj" />
  <Project Path="PrefabGallery.Runtime.csproj" />
  <Project Path="AD_FimpoPropertyAttr.csproj" />
  <Project Path="AD_Fimpos.Editor.csproj" />
</Solution>
